
Microsoft Visual Studio Solution File, Format Version 12.00
# Visual Studio Version 17
VisualStudioVersion = 17.11.35312.102
MinimumVisualStudioVersion = 10.0.40219.1
Project("{2150E333-8FDC-42A3-9474-1A3956D46DE8}") = "Task0", "Task0", "{0BB8FDE5-59C7-4C1B-B5CB-89938DBDE884}"
EndProject
Project("{9A19103F-16F7-4668-BE54-9A1E7A4F7556}") = "Tyuiu.ZhuriloNA.Sprint6.Task0.V9", "Tyuiu.ZhuriloNA.Sprint6.Task0.V9\Tyuiu.ZhuriloNA.Sprint6.Task0.V9.csproj", "{2B1C65C8-FB35-4A80-9250-06EE51F6B84F}"
EndProject
Project("{9A19103F-16F7-4668-BE54-9A1E7A4F7556}") = "Tyuiu.ZhuriloNA.Sprint6.Task0.V9.Lib", "Tyuiu.ZhuriloNA.Sprint6.Task0.V9.Lib\Tyuiu.ZhuriloNA.Sprint6.Task0.V9.Lib.csproj", "{17C1384B-B093-40D4-BF6F-A2A884DC3981}"
EndProject
Project("{9A19103F-16F7-4668-BE54-9A1E7A4F7556}") = "Tyuiu.ZhuriloNA.Sprint6.Task0.V9.Test", "Tyuiu.ZhuriloNA.Sprint6.Task0.V9.Test\Tyuiu.ZhuriloNA.Sprint6.Task0.V9.Test.csproj", "{9F33A1A6-FE7E-4696-9F9D-084A38196066}"
EndProject
Project("{2150E333-8FDC-42A3-9474-1A3956D46DE8}") = "Task1", "Task1", "{2EF23D43-B2E9-489D-A13E-39F85CEF5075}"
EndProject
Project("{9A19103F-16F7-4668-BE54-9A1E7A4F7556}") = "Tyuiu.ZhuriloNA.Sprint6.Task1.V11", "Tyuiu.ZhuriloNA.Sprint6.Task1.V11\Tyuiu.ZhuriloNA.Sprint6.Task1.V11.csproj", "{33FAD98B-E5EF-4E29-B450-2655E8584CC9}"
EndProject
Project("{9A19103F-16F7-4668-BE54-9A1E7A4F7556}") = "Tyuiu.ZhuriloNA.Sprint6.Task1.V11.Lib", "Tyuiu.ZhuriloNA.Sprint6.Task1.V11.Lib\Tyuiu.ZhuriloNA.Sprint6.Task1.V11.Lib.csproj", "{04047C09-EFCB-49C6-9376-BCC18A693F88}"
EndProject
Project("{9A19103F-16F7-4668-BE54-9A1E7A4F7556}") = "Tyuiu.ZhuriloNA.Sprint6.Task1.V11.Test", "Tyuiu.ZhuriloNA.Sprint6.Task1.V11.Test\Tyuiu.ZhuriloNA.Sprint6.Task1.V11.Test.csproj", "{F3510F61-146E-41C1-8754-81204CB316BE}"
EndProject
Project("{2150E333-8FDC-42A3-9474-1A3956D46DE8}") = "Task2", "Task2", "{2229AA87-C43E-4D65-9DA7-2E0E5F30F23C}"
EndProject
Project("{FAE04EC0-301F-11D3-BF4B-00C04F79EFBC}") = "Tyuiu.ZhuriloNA.Sprint6.Task2.V23", "Tyuiu.ZhuriloNA.Sprint6.Task2.V23\Tyuiu.ZhuriloNA.Sprint6.Task2.V23.csproj", "{FF104067-62BA-47D4-A349-A7A16CB80458}"
EndProject
Project("{FAE04EC0-301F-11D3-BF4B-00C04F79EFBC}") = "Tyuiu.ZhuriloNA.Sprint6.Task2.V23.Lib", "Tyuiu.ZhuriloNA.Sprint6.Task2.V23.Lib\Tyuiu.ZhuriloNA.Sprint6.Task2.V23.Lib.csproj", "{F6F4A28B-19AC-476C-A076-CAA9B71E2491}"
EndProject
Project("{FAE04EC0-301F-11D3-BF4B-00C04F79EFBC}") = "Tyuiu.ZhuriloNA.Sprint6.Task2.V23.Test", "Tyuiu.ZhuriloNA.Sprint6.Task2.V23.Test\Tyuiu.ZhuriloNA.Sprint6.Task2.V23.Test.csproj", "{289A7EE4-6956-43CB-9EC9-564F80407FC4}"
EndProject
Project("{2150E333-8FDC-42A3-9474-1A3956D46DE8}") = "Task3", "Task3", "{8DD09BFD-853D-4610-A682-6F2EEADAB18A}"
EndProject
Project("{FAE04EC0-301F-11D3-BF4B-00C04F79EFBC}") = "Tyuiu.ZhuriloNA.Sprint6.Task3.V17.Lib", "Tyuiu.ZhuriloNA.Sprint6.Task3.V17.Lib\Tyuiu.ZhuriloNA.Sprint6.Task3.V17.Lib.csproj", "{85FA0245-9D47-4C0B-ABD5-652DA63188C1}"
EndProject
Project("{FAE04EC0-301F-11D3-BF4B-00C04F79EFBC}") = "Tyuiu.ZhuriloNA.Sprint6.Task3.V17.Test", "Tyuiu.ZhuriloNA.Sprint6.Task3.V17.Test\Tyuiu.ZhuriloNA.Sprint6.Task3.V17.Test.csproj", "{4D2CE8FD-7F70-4074-B5F7-FBCF47B5C245}"
EndProject
Project("{FAE04EC0-301F-11D3-BF4B-00C04F79EFBC}") = "Tyuiu.ZhuriloNA.Sprint6.Task3.V17", "Tyuiu.ZhuriloNA.Sprint6.Task3.V17\Tyuiu.ZhuriloNA.Sprint6.Task3.V17.csproj", "{9C54DAF8-E250-4302-B8A7-4D5ECF30C388}"
EndProject
Global
	GlobalSection(SolutionConfigurationPlatforms) = preSolution
		Debug|Any CPU = Debug|Any CPU
		Release|Any CPU = Release|Any CPU
	EndGlobalSection
	GlobalSection(ProjectConfigurationPlatforms) = postSolution
		{2B1C65C8-FB35-4A80-9250-06EE51F6B84F}.Debug|Any CPU.ActiveCfg = Debug|Any CPU
		{2B1C65C8-FB35-4A80-9250-06EE51F6B84F}.Debug|Any CPU.Build.0 = Debug|Any CPU
		{2B1C65C8-FB35-4A80-9250-06EE51F6B84F}.Release|Any CPU.ActiveCfg = Release|Any CPU
		{2B1C65C8-FB35-4A80-9250-06EE51F6B84F}.Release|Any CPU.Build.0 = Release|Any CPU
		{17C1384B-B093-40D4-BF6F-A2A884DC3981}.Debug|Any CPU.ActiveCfg = Debug|Any CPU
		{17C1384B-B093-40D4-BF6F-A2A884DC3981}.Debug|Any CPU.Build.0 = Debug|Any CPU
		{17C1384B-B093-40D4-BF6F-A2A884DC3981}.Release|Any CPU.ActiveCfg = Release|Any CPU
		{17C1384B-B093-40D4-BF6F-A2A884DC3981}.Release|Any CPU.Build.0 = Release|Any CPU
		{9F33A1A6-FE7E-4696-9F9D-084A38196066}.Debug|Any CPU.ActiveCfg = Debug|Any CPU
		{9F33A1A6-FE7E-4696-9F9D-084A38196066}.Debug|Any CPU.Build.0 = Debug|Any CPU
		{9F33A1A6-FE7E-4696-9F9D-084A38196066}.Release|Any CPU.ActiveCfg = Release|Any CPU
		{9F33A1A6-FE7E-4696-9F9D-084A38196066}.Release|Any CPU.Build.0 = Release|Any CPU
		{33FAD98B-E5EF-4E29-B450-2655E8584CC9}.Debug|Any CPU.ActiveCfg = Debug|Any CPU
		{33FAD98B-E5EF-4E29-B450-2655E8584CC9}.Debug|Any CPU.Build.0 = Debug|Any CPU
		{33FAD98B-E5EF-4E29-B450-2655E8584CC9}.Release|Any CPU.ActiveCfg = Release|Any CPU
		{33FAD98B-E5EF-4E29-B450-2655E8584CC9}.Release|Any CPU.Build.0 = Release|Any CPU
		{04047C09-EFCB-49C6-9376-BCC18A693F88}.Debug|Any CPU.ActiveCfg = Debug|Any CPU
		{04047C09-EFCB-49C6-9376-BCC18A693F88}.Debug|Any CPU.Build.0 = Debug|Any CPU
		{04047C09-EFCB-49C6-9376-BCC18A693F88}.Release|Any CPU.ActiveCfg = Release|Any CPU
		{04047C09-EFCB-49C6-9376-BCC18A693F88}.Release|Any CPU.Build.0 = Release|Any CPU
		{F3510F61-146E-41C1-8754-81204CB316BE}.Debug|Any CPU.ActiveCfg = Debug|Any CPU
		{F3510F61-146E-41C1-8754-81204CB316BE}.Debug|Any CPU.Build.0 = Debug|Any CPU
		{F3510F61-146E-41C1-8754-81204CB316BE}.Release|Any CPU.ActiveCfg = Release|Any CPU
		{F3510F61-146E-41C1-8754-81204CB316BE}.Release|Any CPU.Build.0 = Release|Any CPU
		{FF104067-62BA-47D4-A349-A7A16CB80458}.Debug|Any CPU.ActiveCfg = Debug|Any CPU
		{FF104067-62BA-47D4-A349-A7A16CB80458}.Debug|Any CPU.Build.0 = Debug|Any CPU
		{FF104067-62BA-47D4-A349-A7A16CB80458}.Release|Any CPU.ActiveCfg = Release|Any CPU
		{FF104067-62BA-47D4-A349-A7A16CB80458}.Release|Any CPU.Build.0 = Release|Any CPU
		{F6F4A28B-19AC-476C-A076-CAA9B71E2491}.Debug|Any CPU.ActiveCfg = Debug|Any CPU
		{F6F4A28B-19AC-476C-A076-CAA9B71E2491}.Debug|Any CPU.Build.0 = Debug|Any CPU
		{F6F4A28B-19AC-476C-A076-CAA9B71E2491}.Release|Any CPU.ActiveCfg = Release|Any CPU
		{F6F4A28B-19AC-476C-A076-CAA9B71E2491}.Release|Any CPU.Build.0 = Release|Any CPU
		{289A7EE4-6956-43CB-9EC9-564F80407FC4}.Debug|Any CPU.ActiveCfg = Debug|Any CPU
		{289A7EE4-6956-43CB-9EC9-564F80407FC4}.Debug|Any CPU.Build.0 = Debug|Any CPU
		{289A7EE4-6956-43CB-9EC9-564F80407FC4}.Release|Any CPU.ActiveCfg = Release|Any CPU
		{289A7EE4-6956-43CB-9EC9-564F80407FC4}.Release|Any CPU.Build.0 = Release|Any CPU
		{85FA0245-9D47-4C0B-ABD5-652DA63188C1}.Debug|Any CPU.ActiveCfg = Debug|Any CPU
		{85FA0245-9D47-4C0B-ABD5-652DA63188C1}.Debug|Any CPU.Build.0 = Debug|Any CPU
		{85FA0245-9D47-4C0B-ABD5-652DA63188C1}.Release|Any CPU.ActiveCfg = Release|Any CPU
		{85FA0245-9D47-4C0B-ABD5-652DA63188C1}.Release|Any CPU.Build.0 = Release|Any CPU
		{4D2CE8FD-7F70-4074-B5F7-FBCF47B5C245}.Debug|Any CPU.ActiveCfg = Debug|Any CPU
		{4D2CE8FD-7F70-4074-B5F7-FBCF47B5C245}.Debug|Any CPU.Build.0 = Debug|Any CPU
		{4D2CE8FD-7F70-4074-B5F7-FBCF47B5C245}.Release|Any CPU.ActiveCfg = Release|Any CPU
		{4D2CE8FD-7F70-4074-B5F7-FBCF47B5C245}.Release|Any CPU.Build.0 = Release|Any CPU
		{9C54DAF8-E250-4302-B8A7-4D5ECF30C388}.Debug|Any CPU.ActiveCfg = Debug|Any CPU
		{9C54DAF8-E250-4302-B8A7-4D5ECF30C388}.Debug|Any CPU.Build.0 = Debug|Any CPU
		{9C54DAF8-E250-4302-B8A7-4D5ECF30C388}.Release|Any CPU.ActiveCfg = Release|Any CPU
		{9C54DAF8-E250-4302-B8A7-4D5ECF30C388}.Release|Any CPU.Build.0 = Release|Any CPU
	EndGlobalSection
	GlobalSection(SolutionProperties) = preSolution
		HideSolutionNode = FALSE
	EndGlobalSection
	GlobalSection(NestedProjects) = preSolution
		{2B1C65C8-FB35-4A80-9250-06EE51F6B84F} = {0BB8FDE5-59C7-4C1B-B5CB-89938DBDE884}
		{17C1384B-B093-40D4-BF6F-A2A884DC3981} = {0BB8FDE5-59C7-4C1B-B5CB-89938DBDE884}
		{9F33A1A6-FE7E-4696-9F9D-084A38196066} = {0BB8FDE5-59C7-4C1B-B5CB-89938DBDE884}
		{33FAD98B-E5EF-4E29-B450-2655E8584CC9} = {2EF23D43-B2E9-489D-A13E-39F85CEF5075}
		{04047C09-EFCB-49C6-9376-BCC18A693F88} = {2EF23D43-B2E9-489D-A13E-39F85CEF5075}
		{F3510F61-146E-41C1-8754-81204CB316BE} = {2EF23D43-B2E9-489D-A13E-39F85CEF5075}
		{FF104067-62BA-47D4-A349-A7A16CB80458} = {2229AA87-C43E-4D65-9DA7-2E0E5F30F23C}
		{F6F4A28B-19AC-476C-A076-CAA9B71E2491} = {2229AA87-C43E-4D65-9DA7-2E0E5F30F23C}
		{289A7EE4-6956-43CB-9EC9-564F80407FC4} = {2229AA87-C43E-4D65-9DA7-2E0E5F30F23C}
		{85FA0245-9D47-4C0B-ABD5-652DA63188C1} = {8DD09BFD-853D-4610-A682-6F2EEADAB18A}
		{4D2CE8FD-7F70-4074-B5F7-FBCF47B5C245} = {8DD09BFD-853D-4610-A682-6F2EEADAB18A}
		{9C54DAF8-E250-4302-B8A7-4D5ECF30C388} = {8DD09BFD-853D-4610-A682-6F2EEADAB18A}
	EndGlobalSection
	GlobalSection(ExtensibilityGlobals) = postSolution
		SolutionGuid = {B809A5E0-642A-42C4-A655-47E57729AF36}
	EndGlobalSection
EndGlobal
